# This file was autogenerated by Stack.
# You should not edit this file by hand.
# For more information, please see the documentation at:
#   https://docs.haskellstack.org/en/stable/lock_files

packages:
- completed:
    hackage: xmlhtml-0.2.5.2@sha256:3f0990f725551985d777e8edb5563fe99aee998f1fde6a7633f720f76df54701,46997
    pantry-tree:
      sha256: bb1bd95db3738e18d112bbc9724510ee64a51b7eda61494507f4957c5e2281f6
      size: 61835
  original:
    hackage: xmlhtml-0.2.5.2@sha256:3f0990f725551985d777e8edb5563fe99aee998f1fde6a7633f720f76df54701,46997
- completed:
    hackage: logging-3.0.4@sha256:22d7d0ee5d526fa400de9107a07fcffc076dec725da25812ba537dbb32d52106,2374
    pantry-tree:
      sha256: c0f28fe67ff055f4e75f64c6c949fde2344b6615d2dd3d9cb6a554ff87c8d827
      size: 264
  original:
    hackage: logging-3.0.4
- completed:
    commit: a57e55c177e135db8097517fc81081274ad2d5c0
    git: https://github.com/positiondev/fn
    name: fn
    pantry-tree:
      sha256: 923127e991f736f8292bf75e57d7eac9d3d114fce231dc8fba7a2e47100482cd
      size: 353
    subdir: fn
    version: 0.4.0.0
  original:
    commit: a57e55c177e135db8097517fc81081274ad2d5c0
    git: https://github.com/positiondev/fn
    subdir: fn
- completed:
    commit: a57e55c177e135db8097517fc81081274ad2d5c0
    git: https://github.com/positiondev/fn
    name: fn-extra
    pantry-tree:
      sha256: 24f15dd6155f31e0ac6e341399c5119fd54bbafdabfc38d89784de0db36380a3
      size: 439
    subdir: fn-extra
    version: 0.3.1
  original:
    commit: a57e55c177e135db8097517fc81081274ad2d5c0
    git: https://github.com/positiondev/fn
    subdir: fn-extra
- completed:
    commit: 494dcf620577f96bc797f1ba7f75d9053079c12f
    git: https://github.com/positiondev/larceny
    name: larceny
    pantry-tree:
      sha256: 874d661db16b1471066f0431cbe38807e9bc68ee0c6e1797041d0737f6c583b7
      size: 2804
    version: 0.3.2
  original:
    commit: 494dcf620577f96bc797f1ba7f75d9053079c12f
    git: https://github.com/positiondev/larceny
snapshots:
- completed:
    sha256: 5a59b2a405b3aba3c00188453be172b85893cab8ebc352b1ef58b0eae5d248a2
    size: 650475
    url: https://raw.githubusercontent.com/commercialhaskell/stackage-snapshots/master/lts/20/26.yaml
  original: lts-20.26
