# This file was autogenerated by Stack.
# You should not edit this file by hand.
# For more information, please see the documentation at:
#   https://docs.haskellstack.org/en/stable/lock_files

packages:
- completed:
    hackage: xmlhtml-0.2.5.2@sha256:3f0990f725551985d777e8edb5563fe99aee998f1fde6a7633f720f76df54701,46997
    pantry-tree:
      size: 61835
      sha256: bb1bd95db3738e18d112bbc9724510ee64a51b7eda61494507f4957c5e2281f6
  original:
    hackage: xmlhtml-0.2.5.2@sha256:3f0990f725551985d777e8edb5563fe99aee998f1fde6a7633f720f76df54701,46997
- completed:
    hackage: logging-3.0.4@sha256:22d7d0ee5d526fa400de9107a07fcffc076dec725da25812ba537dbb32d52106,2374
    pantry-tree:
      size: 264
      sha256: c0f28fe67ff055f4e75f64c6c949fde2344b6615d2dd3d9cb6a554ff87c8d827
  original:
    hackage: logging-3.0.4
- completed:
    subdir: fn
    cabal-file:
      size: 4417
      sha256: a779f51f035846595d10439af9d965378ffb62daf87cdd03ea675292aee0e466
    name: fn
    version: 0.4.0.0
    git: https://github.com/positiondev/fn
    pantry-tree:
      size: 353
      sha256: 923127e991f736f8292bf75e57d7eac9d3d114fce231dc8fba7a2e47100482cd
    commit: a57e55c177e135db8097517fc81081274ad2d5c0
  original:
    subdir: fn
    git: https://github.com/positiondev/fn
    commit: a57e55c177e135db8097517fc81081274ad2d5c0
- completed:
    subdir: fn-extra
    cabal-file:
      size: 1430
      sha256: 9f4ab65f25e2ae7da621d8568504ebd2b0e6c214c405f4f8db98e99fc56cc8f1
    name: fn-extra
    version: 0.3.1
    git: https://github.com/positiondev/fn
    pantry-tree:
      size: 439
      sha256: 24f15dd6155f31e0ac6e341399c5119fd54bbafdabfc38d89784de0db36380a3
    commit: a57e55c177e135db8097517fc81081274ad2d5c0
  original:
    subdir: fn-extra
    git: https://github.com/positiondev/fn
    commit: a57e55c177e135db8097517fc81081274ad2d5c0
- completed:
    cabal-file:
      size: 3113
      sha256: 6019f6619f607ad172a70a204b72eecf65faaf778e0b416cd4c374dc50e3a9cc
    name: larceny
    version: 0.3.2
    git: https://github.com/positiondev/larceny
    pantry-tree:
      size: 2804
      sha256: 874d661db16b1471066f0431cbe38807e9bc68ee0c6e1797041d0737f6c583b7
    commit: 494dcf620577f96bc797f1ba7f75d9053079c12f
  original:
    git: https://github.com/positiondev/larceny
    commit: 494dcf620577f96bc797f1ba7f75d9053079c12f
snapshots:
- completed:
    size: 509471
    url: https://raw.githubusercontent.com/commercialhaskell/stackage-snapshots/master/lts/12/26.yaml
    sha256: 95f014df58d0679b1c4a2b7bf2b652b61da8d30de5f571abb0d59015ef678646
  original: lts-12.26
