# This file was autogenerated by Stack.
# You should not edit this file by hand.
# For more information, please see the documentation at:
#   https://docs.haskellstack.org/en/stable/lock_files

packages:
- completed:
    hackage: polyparse-1.13@sha256:4960fad39d3edcc3827ca93546dbf42eb59c1a022ec06a8d756e6a0558c47f29,2754
    pantry-tree:
      size: 1776
      sha256: 8d4d41b25db9681ad7ebef755217be66ead3cbd33e55d00de22d35de27676196
  original:
    hackage: polyparse-1.13@sha256:4960fad39d3edcc3827ca93546dbf42eb59c1a022ec06a8d756e6a0558c47f29,2754
- completed:
    hackage: HaXml-1.25.13@sha256:92023497a8c93bf703748c21ab2e11b9e9e82f4b1cdd7b84339a3e22c47038f8,4747
    pantry-tree:
      size: 4122
      sha256: e93b9cd2e6eebda645a33c152cb573dcd8eb066c5b65ab7dc403d1e195b9d281
  original:
    hackage: HaXml-1.25.13@sha256:92023497a8c93bf703748c21ab2e11b9e9e82f4b1cdd7b84339a3e22c47038f8,4747
- completed:
    hackage: rss-3000.2.0.8@sha256:e13b4e27c034e22e0992b59516dabd7280dc24f04bcbdd5c1ecd377285e0315e,1251
    pantry-tree:
      size: 205
      sha256: aadb62118c280bd029becf14f385b70c062d4c5c1275df8e83429d298be106d1
  original:
    hackage: rss-3000.2.0.8@sha256:e13b4e27c034e22e0992b59516dabd7280dc24f04bcbdd5c1ecd377285e0315e,1251
- completed:
    hackage: xmlhtml-0.2.5.2@sha256:3f0990f725551985d777e8edb5563fe99aee998f1fde6a7633f720f76df54701,46997
    pantry-tree:
      size: 61835
      sha256: bb1bd95db3738e18d112bbc9724510ee64a51b7eda61494507f4957c5e2281f6
  original:
    hackage: xmlhtml-0.2.5.2@sha256:3f0990f725551985d777e8edb5563fe99aee998f1fde6a7633f720f76df54701,46997
- completed:
    hackage: logging-3.0.4@sha256:22d7d0ee5d526fa400de9107a07fcffc076dec725da25812ba537dbb32d52106,2374
    pantry-tree:
      size: 264
      sha256: c0f28fe67ff055f4e75f64c6c949fde2344b6615d2dd3d9cb6a554ff87c8d827
  original:
    hackage: logging-3.0.4
- completed:
    subdir: fn
    name: fn
    version: 0.4.0.0
    git: https://github.com/positiondev/fn
    pantry-tree:
      size: 353
      sha256: 923127e991f736f8292bf75e57d7eac9d3d114fce231dc8fba7a2e47100482cd
    commit: a57e55c177e135db8097517fc81081274ad2d5c0
  original:
    subdir: fn
    git: https://github.com/positiondev/fn
    commit: a57e55c177e135db8097517fc81081274ad2d5c0
- completed:
    subdir: fn-extra
    name: fn-extra
    version: 0.3.1
    git: https://github.com/positiondev/fn
    pantry-tree:
      size: 439
      sha256: 24f15dd6155f31e0ac6e341399c5119fd54bbafdabfc38d89784de0db36380a3
    commit: a57e55c177e135db8097517fc81081274ad2d5c0
  original:
    subdir: fn-extra
    git: https://github.com/positiondev/fn
    commit: a57e55c177e135db8097517fc81081274ad2d5c0
- completed:
    name: larceny
    version: 0.3.2
    git: https://github.com/positiondev/larceny
    pantry-tree:
      size: 2804
      sha256: 874d661db16b1471066f0431cbe38807e9bc68ee0c6e1797041d0737f6c583b7
    commit: 494dcf620577f96bc797f1ba7f75d9053079c12f
  original:
    git: https://github.com/positiondev/larceny
    commit: 494dcf620577f96bc797f1ba7f75d9053079c12f
snapshots:
- completed:
    size: 509471
    url: https://raw.githubusercontent.com/commercialhaskell/stackage-snapshots/master/lts/12/26.yaml
    sha256: 95f014df58d0679b1c4a2b7bf2b652b61da8d30de5f571abb0d59015ef678646
  original: lts-12.26
